
Microsoft Visual Studio Solution File, Format Version 12.00
# Visual Studio Version 17
VisualStudioVersion = 17.1.32421.90
MinimumVisualStudioVersion = 10.0.40219.1
Project("{FAE04EC0-301F-11D3-BF4B-00C04F79EFBC}") = "BlackJack", "BlackJack.csproj", "{192D5A7D-851E-4A07-A59B-90E3FA0130CF}"
EndProject
Global
	GlobalSection(SolutionConfigurationPlatforms) = preSolution
		Debug|Any CPU = Debug|Any CPU
		Release|Any CPU = Release|Any CPU
	EndGlobalSection
	GlobalSection(ProjectConfigurationPlatforms) = postSolution
		{192D5A7D-851E-4A07-A59B-90E3FA0130CF}.Debug|Any CPU.ActiveCfg = Debug|Any CPU
		{192D5A7D-851E-4A07-A59B-90E3FA0130CF}.Debug|Any CPU.Build.0 = Debug|Any CPU
		{192D5A7D-851E-4A07-A59B-90E3FA0130CF}.Release|Any CPU.ActiveCfg = Release|Any CPU
		{192D5A7D-851E-4A07-A59B-90E3FA0130CF}.Release|Any CPU.Build.0 = Release|Any CPU
	EndGlobalSection
	GlobalSection(SolutionProperties) = preSolution
		HideSolutionNode = FALSE
	EndGlobalSection
	GlobalSection(ExtensibilityGlobals) = postSolution
		SolutionGuid = {AF61283C-F639-430D-B99D-097747A76D83}
	EndGlobalSection
EndGlobal
